
Microsoft Visual Studio Solution File, Format Version 12.00
# Visual Studio 14
VisualStudioVersion = 14.0.25420.1
MinimumVisualStudioVersion = 10.0.40219.1
Project("{FAE04EC0-301F-11D3-BF4B-00C04F79EFBC}") = "labo3Bdd", "labo3Bdd\labo3Bdd.csproj", "{0F4B07D3-759A-428F-AC0B-F2C70A87431F}"
EndProject
Project("{FAE04EC0-301F-11D3-BF4B-00C04F79EFBC}") = "UnitTestProjectLabo3", "UnitTestProjectLabo3\UnitTestProjectLabo3.csproj", "{0158DA00-1070-45B1-B98F-6390B34A0CBC}"
EndProject
Project("{FAE04EC0-301F-11D3-BF4B-00C04F79EFBC}") = "WPFClient", "..\..\..\..\Downloads\WPFClient\WPFClient.csproj", "{8A3822D2-71BB-488C-BBFA-C9C75E77F668}"
EndProject
Global
	GlobalSection(SolutionConfigurationPlatforms) = preSolution
		Debug|Any CPU = Debug|Any CPU
		Release|Any CPU = Release|Any CPU
	EndGlobalSection
	GlobalSection(ProjectConfigurationPlatforms) = postSolution
		{0F4B07D3-759A-428F-AC0B-F2C70A87431F}.Debug|Any CPU.ActiveCfg = Debug|Any CPU
		{0F4B07D3-759A-428F-AC0B-F2C70A87431F}.Debug|Any CPU.Build.0 = Debug|Any CPU
		{0F4B07D3-759A-428F-AC0B-F2C70A87431F}.Release|Any CPU.ActiveCfg = Release|Any CPU
		{0F4B07D3-759A-428F-AC0B-F2C70A87431F}.Release|Any CPU.Build.0 = Release|Any CPU
		{0158DA00-1070-45B1-B98F-6390B34A0CBC}.Debug|Any CPU.ActiveCfg = Debug|Any CPU
		{0158DA00-1070-45B1-B98F-6390B34A0CBC}.Debug|Any CPU.Build.0 = Debug|Any CPU
		{0158DA00-1070-45B1-B98F-6390B34A0CBC}.Release|Any CPU.ActiveCfg = Release|Any CPU
		{0158DA00-1070-45B1-B98F-6390B34A0CBC}.Release|Any CPU.Build.0 = Release|Any CPU
		{8A3822D2-71BB-488C-BBFA-C9C75E77F668}.Debug|Any CPU.ActiveCfg = Debug|Any CPU
		{8A3822D2-71BB-488C-BBFA-C9C75E77F668}.Debug|Any CPU.Build.0 = Debug|Any CPU
		{8A3822D2-71BB-488C-BBFA-C9C75E77F668}.Release|Any CPU.ActiveCfg = Release|Any CPU
		{8A3822D2-71BB-488C-BBFA-C9C75E77F668}.Release|Any CPU.Build.0 = Release|Any CPU
	EndGlobalSection
	GlobalSection(SolutionProperties) = preSolution
		HideSolutionNode = FALSE
	EndGlobalSection
EndGlobal
